
Microsoft Visual Studio Solution File, Format Version 12.00
# Visual Studio Version 17
VisualStudioVersion = 17.4.33103.184
MinimumVisualStudioVersion = 10.0.40219.1
Project("{9A19103F-16F7-4668-BE54-9A1E7A4F7556}") = "JNTechAssessment.Lib", "JNTechAssessment.Lib\JNTechAssessment.Lib.csproj", "{4D6FE8D9-A58B-4E4D-89E4-97F07F8AF0BE}"
EndProject
Project("{9A19103F-16F7-4668-BE54-9A1E7A4F7556}") = "JNTechAssessment.Tests", "JNTechAssessment.Tests\JNTechAssessment.Tests.csproj", "{AA13A952-20AB-4C5F-8887-CFDC4D7BF3E3}"
EndProject
Global
	GlobalSection(SolutionConfigurationPlatforms) = preSolution
		Debug|Any CPU = Debug|Any CPU
		Release|Any CPU = Release|Any CPU
	EndGlobalSection
	GlobalSection(ProjectConfigurationPlatforms) = postSolution
		{4D6FE8D9-A58B-4E4D-89E4-97F07F8AF0BE}.Debug|Any CPU.ActiveCfg = Debug|Any CPU
		{4D6FE8D9-A58B-4E4D-89E4-97F07F8AF0BE}.Debug|Any CPU.Build.0 = Debug|Any CPU
		{4D6FE8D9-A58B-4E4D-89E4-97F07F8AF0BE}.Release|Any CPU.ActiveCfg = Release|Any CPU
		{4D6FE8D9-A58B-4E4D-89E4-97F07F8AF0BE}.Release|Any CPU.Build.0 = Release|Any CPU
		{AA13A952-20AB-4C5F-8887-CFDC4D7BF3E3}.Debug|Any CPU.ActiveCfg = Debug|Any CPU
		{AA13A952-20AB-4C5F-8887-CFDC4D7BF3E3}.Debug|Any CPU.Build.0 = Debug|Any CPU
		{AA13A952-20AB-4C5F-8887-CFDC4D7BF3E3}.Release|Any CPU.ActiveCfg = Release|Any CPU
		{AA13A952-20AB-4C5F-8887-CFDC4D7BF3E3}.Release|Any CPU.Build.0 = Release|Any CPU
	EndGlobalSection
	GlobalSection(SolutionProperties) = preSolution
		HideSolutionNode = FALSE
	EndGlobalSection
	GlobalSection(ExtensibilityGlobals) = postSolution
		SolutionGuid = {0F0EE2BB-898F-4DD4-9177-264D1F519341}
	EndGlobalSection
EndGlobal
